// !$*UTF8*$!
{
	archiveVersion = 1;
	classes = {
	};
	objectVersion = 46;
	objects = {

/* Begin PBXBuildFile section */
		00F9D2729CD6426C94B196D7 /* AddressBookUI.framework in Frameworks */ = {isa = PBXBuildFile; fileRef = 558CE0026609483CA4E5CF58 /* AddressBookUI.framework */; settings = {ATTRIBUTES = (Weak, ); }; };
		0207DA581B56EA530066E2B4 /* Images.xcassets in Resources */ = {isa = PBXBuildFile; fileRef = 0207DA571B56EA530066E2B4 /* Images.xcassets */; };
		043EBD594610417A9941349E /* CDVSound.m in Sources */ = {isa = PBXBuildFile; fileRef = F37CAB0409D84E1397B6135A /* CDVSound.m */; };
		066504BCF2874DF89B763943 /* AudioToolbox.framework in Frameworks */ = {isa = PBXBuildFile; fileRef = 2D5BAEFBE4B94FCD807DA61C /* AudioToolbox.framework */; settings = {ATTRIBUTES = (Weak, ); }; };
		09F5376647E8482599671513 /* AddressBook.framework in Frameworks */ = {isa = PBXBuildFile; fileRef = DE72262C0F874999B9FE28BC /* AddressBook.framework */; settings = {ATTRIBUTES = (Weak, ); }; };
		0C6A39C314A0489BB6E02E82 /* AVFoundation.framework in Frameworks */ = {isa = PBXBuildFile; fileRef = EE2D9ED2661F4388B5E6FEE5 /* AVFoundation.framework */; };
		17022148FCAE4A56B641A182 /* CoreMotion.framework in Frameworks */ = {isa = PBXBuildFile; fileRef = 529C4AD964C44557A8034C75 /* CoreMotion.framework */; };
		1D3623260D0F684500981E51 /* AppDelegate.m in Sources */ = {isa = PBXBuildFile; fileRef = 1D3623250D0F684500981E51 /* AppDelegate.m */; };
		1D60589B0D05DD56006BFB54 /* main.m in Sources */ = {isa = PBXBuildFile; fileRef = 29B97316FDCFA39411CA2CEA /* main.m */; };
		2EA36A1D0F544AE298E2C12F /* CDVDevice.m in Sources */ = {isa = PBXBuildFile; fileRef = 5A1F7F929CFB49BC9B4D455F /* CDVDevice.m */; };
		301BF552109A68D80062928A /* libCordova.a in Frameworks */ = {isa = PBXBuildFile; fileRef = 301BF535109A57CC0062928A /* libCordova.a */; };
		302D95F114D2391D003F00A1 /* MainViewController.m in Sources */ = {isa = PBXBuildFile; fileRef = 302D95EF14D2391D003F00A1 /* MainViewController.m */; };
		302D95F214D2391D003F00A1 /* MainViewController.xib in Resources */ = {isa = PBXBuildFile; fileRef = 302D95F014D2391D003F00A1 /* MainViewController.xib */; };
		3047A5121AB8059700498E2A /* build-debug.xcconfig in Resources */ = {isa = PBXBuildFile; fileRef = 3047A50F1AB8059700498E2A /* build-debug.xcconfig */; };
		3047A5131AB8059700498E2A /* build-release.xcconfig in Resources */ = {isa = PBXBuildFile; fileRef = 3047A5101AB8059700498E2A /* build-release.xcconfig */; };
		3047A5141AB8059700498E2A /* build.xcconfig in Resources */ = {isa = PBXBuildFile; fileRef = 3047A5111AB8059700498E2A /* build.xcconfig */; };
		37EF3BFCC7894F7F95C48AD5 /* libz.tbd in Frameworks */ = {isa = PBXBuildFile; fileRef = B0CD01E03F7843CABB97FFF6 /* libz.tbd */; };
		4A6FAD2564CF4166947715DA /* CDVGlobalization.m in Sources */ = {isa = PBXBuildFile; fileRef = 51223EFE6B6F4D0F99F7A263 /* CDVGlobalization.m */; };
		4F8C327F3FBB4DEE949CEAB9 /* CDVBattery.m in Sources */ = {isa = PBXBuildFile; fileRef = E329EABB2A1C4C89BE70CF7F /* CDVBattery.m */; };
		50A301D40C8F4AE7952D8629 /* CDVCapture.bundle in Resources */ = {isa = PBXBuildFile; fileRef = 1EA76BAB4F7A4EACA789E7A6 /* CDVCapture.bundle */; };
		51A11ECFF73641E3B4ADADAA /* CDVInAppBrowser.m in Sources */ = {isa = PBXBuildFile; fileRef = BFCA4EF4BF5D4CA4B2000074 /* CDVInAppBrowser.m */; };
		541CEEABF4A94E459F9D8C54 /* CDVAssetLibraryFilesystem.m in Sources */ = {isa = PBXBuildFile; fileRef = 7C6CF06535E54958BE9F9557 /* CDVAssetLibraryFilesystem.m */; };
		5E3CA54C2C944B0091BD9280 /* UIImage+CropScaleOrientation.m in Sources */ = {isa = PBXBuildFile; fileRef = D9312AC582094A8AA4738728 /* UIImage+CropScaleOrientation.m */; };
		5F3AE5EA58A343DD809B4B6C /* CDVFileTransfer.m in Sources */ = {isa = PBXBuildFile; fileRef = BE80B82017FF422EA48300AA /* CDVFileTransfer.m */; };
		69374C96AB6E46BCB621C0A0 /* CDVContacts.m in Sources */ = {isa = PBXBuildFile; fileRef = 1904DE4352A543E0B3963BD2 /* CDVContacts.m */; };
		6AC87CF0CB3B443BBCD27E77 /* ActionSheet.m in Sources */ = {isa = PBXBuildFile; fileRef = 83F38EAD28B6463CA795C6FA /* ActionSheet.m */; };
		6F9D836C7D914397A7F9E793 /* ImageIO.framework in Frameworks */ = {isa = PBXBuildFile; fileRef = B90A112A85224E55BF1D709F /* ImageIO.framework */; settings = {ATTRIBUTES = (Weak, ); }; };
		72CD1B73972F496A82AC27D5 /* CDVNotification.m in Sources */ = {isa = PBXBuildFile; fileRef = 4A3C02F91B1443AC920DEE72 /* CDVNotification.m */; };
		7DDE51FB74F04563AF8F0788 /* CDVReachability.m in Sources */ = {isa = PBXBuildFile; fileRef = B83D23B5B4144A9DAE4E54F5 /* CDVReachability.m */; };
		8658889DAC1E4E35BB87457A /* CDVFile.m in Sources */ = {isa = PBXBuildFile; fileRef = 992BCE3A4C314CB18EC5AF7F /* CDVFile.m */; };
		86B36921FA6347138B7B8A10 /* CDVLocalFilesystem.m in Sources */ = {isa = PBXBuildFile; fileRef = 779F09B3CC514650A9B717C3 /* CDVLocalFilesystem.m */; };
		87D5A8028146436D9D283B15 /* CDVLocation.m in Sources */ = {isa = PBXBuildFile; fileRef = AF13482A4AC74A21B907F055 /* CDVLocation.m */; };
		8D418AD41B63452EB145D103 /* CDVConnection.m in Sources */ = {isa = PBXBuildFile; fileRef = 60DEF8373E6D46ED835EA2C7 /* CDVConnection.m */; };
		8E45275B62304621AF9725E2 /* CDVLogger.m in Sources */ = {isa = PBXBuildFile; fileRef = 833F13A7CD58458A8E4114FA /* CDVLogger.m */; };
		97AC91D82E4F4B31B6F882EB /* CDVContact.m in Sources */ = {isa = PBXBuildFile; fileRef = F02D7DBC700C4B80A9950491 /* CDVContact.m */; };
		9BE75747AFC74C84ADDDE83A /* CDVJpegHeaderWriter.m in Sources */ = {isa = PBXBuildFile; fileRef = B4AC5B183495422FB3A56BCA /* CDVJpegHeaderWriter.m */; };
		9E43B40D6EB84ECFB58536CD /* CDVVibration.m in Sources */ = {isa = PBXBuildFile; fileRef = A404F28589F74BF2AAC8A21F /* CDVVibration.m */; };
		AA8C32F0056740F8A46D2559 /* CDVCamera.m in Sources */ = {isa = PBXBuildFile; fileRef = AE00294CD6FA4029AE146B72 /* CDVCamera.m */; };
		C0B18943C8C64D0F93E064D3 /* CDVAccelerometer.m in Sources */ = {isa = PBXBuildFile; fileRef = BC78045045AE4665B6F74480 /* CDVAccelerometer.m */; };
		CCA365C8A6884E0EA16125AB /* CDVCapture.m in Sources */ = {isa = PBXBuildFile; fileRef = 6F00611013F34EF7812D1FA0 /* CDVCapture.m */; };
		D5F03A16F0F34B568831EFF2 /* CoreTelephony.framework in Frameworks */ = {isa = PBXBuildFile; fileRef = F5B0D226967E41708ED7A514 /* CoreTelephony.framework */; };
		D9FF6834513644828B3C6CBA /* CoreLocation.framework in Frameworks */ = {isa = PBXBuildFile; fileRef = D0B81F4BDAF54B6F9DB3A18E /* CoreLocation.framework */; };
		DD4451A32F494F2F9B98E48A /* CDVViewController+SplashScreen.m in Sources */ = {isa = PBXBuildFile; fileRef = 24F3118278EB44BFACC8CDB4 /* CDVViewController+SplashScreen.m */; };
		EAC6B9C396734EF7B6B72AF7 /* CDVNotification.bundle in Resources */ = {isa = PBXBuildFile; fileRef = A1F30DC9CE374031B2E2FB58 /* CDVNotification.bundle */; };
		EE3401E8C5184C14A1DEC484 /* SystemConfiguration.framework in Frameworks */ = {isa = PBXBuildFile; fileRef = 512264A1238A4844B92A439E /* SystemConfiguration.framework */; settings = {ATTRIBUTES = (Weak, ); }; };
		EF1F01D8965A49FBBA60E1A1 /* CDVCompass.m in Sources */ = {isa = PBXBuildFile; fileRef = 10778C752913414B97C61E58 /* CDVCompass.m */; };
		F306955663424D389BB150AA /* CDVSplashScreen.m in Sources */ = {isa = PBXBuildFile; fileRef = FBE5AE77579B415CAAFB1E64 /* CDVSplashScreen.m */; };
/* End PBXBuildFile section */

/* Begin PBXContainerItemProxy section */
		301BF534109A57CC0062928A /* PBXContainerItemProxy */ = {
			isa = PBXContainerItemProxy;
			containerPortal = 301BF52D109A57CC0062928A /* CordovaLib.xcodeproj */;
			proxyType = 2;
			remoteGlobalIDString = D2AAC07E0554694100DB518D;
			remoteInfo = CordovaLib;
		};
		301BF550109A68C00062928A /* PBXContainerItemProxy */ = {
			isa = PBXContainerItemProxy;
			containerPortal = 301BF52D109A57CC0062928A /* CordovaLib.xcodeproj */;
			proxyType = 1;
			remoteGlobalIDString = D2AAC07D0554694100DB518D;
			remoteInfo = CordovaLib;
		};
/* End PBXContainerItemProxy section */

/* Begin PBXFileReference section */
		0207DA571B56EA530066E2B4 /* Images.xcassets */ = {isa = PBXFileReference; lastKnownFileType = folder.assetcatalog; name = Images.xcassets; path = ICEM/Images.xcassets; sourceTree = SOURCE_ROOT; };
		04683A0E2F274C908DCA52D1 /* CDVNotification.h */ = {isa = PBXFileReference; explicitFileType = undefined; fileEncoding = 4; includeInIndex = 0; lastKnownFileType = sourcecode.c.h; name = CDVNotification.h; path = "cordova-plugin-dialogs/CDVNotification.h"; sourceTree = "<group>"; };
		10778C752913414B97C61E58 /* CDVCompass.m */ = {isa = PBXFileReference; explicitFileType = undefined; fileEncoding = 4; includeInIndex = 0; lastKnownFileType = sourcecode.c.objc; name = CDVCompass.m; path = "cordova-plugin-device-orientation/CDVCompass.m"; sourceTree = "<group>"; };
		1904DE4352A543E0B3963BD2 /* CDVContacts.m */ = {isa = PBXFileReference; explicitFileType = undefined; fileEncoding = 4; includeInIndex = 0; lastKnownFileType = sourcecode.c.objc; name = CDVContacts.m; path = "cordova-plugin-contacts/CDVContacts.m"; sourceTree = "<group>"; };
		1D3623240D0F684500981E51 /* AppDelegate.h */ = {isa = PBXFileReference; fileEncoding = 4; lastKnownFileType = sourcecode.c.h; path = AppDelegate.h; sourceTree = "<group>"; };
		1D3623250D0F684500981E51 /* AppDelegate.m */ = {isa = PBXFileReference; fileEncoding = 4; lastKnownFileType = sourcecode.c.objc; path = AppDelegate.m; sourceTree = "<group>"; };
		1D6058910D05DD3D006BFB54 /* ICEM 2018.app */ = {isa = PBXFileReference; explicitFileType = wrapper.application; includeInIndex = 0; path = "ICEM 2018.app"; sourceTree = BUILT_PRODUCTS_DIR; };
		1EA76BAB4F7A4EACA789E7A6 /* CDVCapture.bundle */ = {isa = PBXFileReference; explicitFileType = undefined; fileEncoding = 9; includeInIndex = 0; lastKnownFileType = "wrapper.plug-in"; path = CDVCapture.bundle; sourceTree = "<group>"; };
		24F3118278EB44BFACC8CDB4 /* CDVViewController+SplashScreen.m */ = {isa = PBXFileReference; explicitFileType = undefined; fileEncoding = 4; includeInIndex = 0; lastKnownFileType = sourcecode.c.objc; name = "CDVViewController+SplashScreen.m"; path = "cordova-plugin-splashscreen/CDVViewController+SplashScreen.m"; sourceTree = "<group>"; };
		29B97316FDCFA39411CA2CEA /* main.m */ = {isa = PBXFileReference; fileEncoding = 4; lastKnownFileType = sourcecode.c.objc; path = main.m; sourceTree = "<group>"; };
		2BF4D84143E74617B7A9A644 /* CDVViewController+SplashScreen.h */ = {isa = PBXFileReference; explicitFileType = undefined; fileEncoding = 4; includeInIndex = 0; lastKnownFileType = sourcecode.c.h; name = "CDVViewController+SplashScreen.h"; path = "cordova-plugin-splashscreen/CDVViewController+SplashScreen.h"; sourceTree = "<group>"; };
		2D5BAEFBE4B94FCD807DA61C /* AudioToolbox.framework */ = {isa = PBXFileReference; explicitFileType = undefined; fileEncoding = 9; includeInIndex = 0; lastKnownFileType = wrapper.framework; name = AudioToolbox.framework; path = System/Library/Frameworks/AudioToolbox.framework; sourceTree = SDKROOT; };
		301BF52D109A57CC0062928A /* CordovaLib.xcodeproj */ = {isa = PBXFileReference; lastKnownFileType = "wrapper.pb-project"; name = CordovaLib.xcodeproj; path = CordovaLib/CordovaLib.xcodeproj; sourceTree = "<group>"; };
		301BF56E109A69640062928A /* www */ = {isa = PBXFileReference; lastKnownFileType = folder; path = www; sourceTree = SOURCE_ROOT; };
		302D95EE14D2391D003F00A1 /* MainViewController.h */ = {isa = PBXFileReference; fileEncoding = 4; lastKnownFileType = sourcecode.c.h; path = MainViewController.h; sourceTree = "<group>"; };
		302D95EF14D2391D003F00A1 /* MainViewController.m */ = {isa = PBXFileReference; fileEncoding = 4; lastKnownFileType = sourcecode.c.objc; path = MainViewController.m; sourceTree = "<group>"; };
		302D95F014D2391D003F00A1 /* MainViewController.xib */ = {isa = PBXFileReference; fileEncoding = 4; lastKnownFileType = file.xib; path = MainViewController.xib; sourceTree = "<group>"; };
		3047A50F1AB8059700498E2A /* build-debug.xcconfig */ = {isa = PBXFileReference; fileEncoding = 4; lastKnownFileType = text.xcconfig; name = "build-debug.xcconfig"; path = "cordova/build-debug.xcconfig"; sourceTree = SOURCE_ROOT; };
		3047A5101AB8059700498E2A /* build-release.xcconfig */ = {isa = PBXFileReference; fileEncoding = 4; lastKnownFileType = text.xcconfig; name = "build-release.xcconfig"; path = "cordova/build-release.xcconfig"; sourceTree = SOURCE_ROOT; };
		3047A5111AB8059700498E2A /* build.xcconfig */ = {isa = PBXFileReference; fileEncoding = 4; lastKnownFileType = text.xcconfig; name = build.xcconfig; path = cordova/build.xcconfig; sourceTree = SOURCE_ROOT; };
		32CA4F630368D1EE00C91783 /* ICEM.temp_caseinsensitive_rename.temp_caseinsensitive_rename 2018-Prefix.pch */ = {isa = PBXFileReference; fileEncoding = 4; lastKnownFileType = sourcecode.c.h; path = "ICEM.temp_caseinsensitive_rename.temp_caseinsensitive_rename 2018-Prefix.pch"; sourceTree = "<group>"; };
		3666E1A53AE441D6AB241FCE /* CDVAccelerometer.h */ = {isa = PBXFileReference; explicitFileType = undefined; fileEncoding = 4; includeInIndex = 0; lastKnownFileType = sourcecode.c.h; name = CDVAccelerometer.h; path = "cordova-plugin-device-motion/CDVAccelerometer.h"; sourceTree = "<group>"; };
		4A3C02F91B1443AC920DEE72 /* CDVNotification.m */ = {isa = PBXFileReference; explicitFileType = undefined; fileEncoding = 4; includeInIndex = 0; lastKnownFileType = sourcecode.c.objc; name = CDVNotification.m; path = "cordova-plugin-dialogs/CDVNotification.m"; sourceTree = "<group>"; };
		51223EFE6B6F4D0F99F7A263 /* CDVGlobalization.m */ = {isa = PBXFileReference; explicitFileType = undefined; fileEncoding = 4; includeInIndex = 0; lastKnownFileType = sourcecode.c.objc; name = CDVGlobalization.m; path = "cordova-plugin-globalization/CDVGlobalization.m"; sourceTree = "<group>"; };
		512264A1238A4844B92A439E /* SystemConfiguration.framework */ = {isa = PBXFileReference; explicitFileType = undefined; fileEncoding = 9; includeInIndex = 0; lastKnownFileType = wrapper.framework; name = SystemConfiguration.framework; path = System/Library/Frameworks/SystemConfiguration.framework; sourceTree = SDKROOT; };
		529C4AD964C44557A8034C75 /* CoreMotion.framework */ = {isa = PBXFileReference; explicitFileType = undefined; fileEncoding = 9; includeInIndex = 0; lastKnownFileType = wrapper.framework; name = CoreMotion.framework; path = System/Library/Frameworks/CoreMotion.framework; sourceTree = SDKROOT; };
		558CE0026609483CA4E5CF58 /* AddressBookUI.framework */ = {isa = PBXFileReference; explicitFileType = undefined; fileEncoding = 9; includeInIndex = 0; lastKnownFileType = wrapper.framework; name = AddressBookUI.framework; path = System/Library/Frameworks/AddressBookUI.framework; sourceTree = SDKROOT; };
		59DD6E8C2896424EA7411B69 /* CDVLocalFilesystem.h */ = {isa = PBXFileReference; explicitFileType = undefined; fileEncoding = 4; includeInIndex = 0; lastKnownFileType = sourcecode.c.h; name = CDVLocalFilesystem.h; path = "cordova-plugin-file/CDVLocalFilesystem.h"; sourceTree = "<group>"; };
		5A1F7F929CFB49BC9B4D455F /* CDVDevice.m */ = {isa = PBXFileReference; explicitFileType = undefined; fileEncoding = 4; includeInIndex = 0; lastKnownFileType = sourcecode.c.objc; name = CDVDevice.m; path = "cordova-plugin-device/CDVDevice.m"; sourceTree = "<group>"; };
		5C0719B39FA24F9FAC82D456 /* UIImage+CropScaleOrientation.h */ = {isa = PBXFileReference; explicitFileType = undefined; fileEncoding = 4; includeInIndex = 0; lastKnownFileType = sourcecode.c.h; name = "UIImage+CropScaleOrientation.h"; path = "cordova-plugin-camera/UIImage+CropScaleOrientation.h"; sourceTree = "<group>"; };
		60DEF8373E6D46ED835EA2C7 /* CDVConnection.m */ = {isa = PBXFileReference; explicitFileType = undefined; fileEncoding = 4; includeInIndex = 0; lastKnownFileType = sourcecode.c.objc; name = CDVConnection.m; path = "cordova-plugin-network-information/CDVConnection.m"; sourceTree = "<group>"; };
		68CB1D9DD7AC40EAB493E89D /* CDVExif.h */ = {isa = PBXFileReference; explicitFileType = undefined; fileEncoding = 4; includeInIndex = 0; lastKnownFileType = sourcecode.c.h; name = CDVExif.h; path = "cordova-plugin-camera/CDVExif.h"; sourceTree = "<group>"; };
		6F00611013F34EF7812D1FA0 /* CDVCapture.m */ = {isa = PBXFileReference; explicitFileType = undefined; fileEncoding = 4; includeInIndex = 0; lastKnownFileType = sourcecode.c.objc; name = CDVCapture.m; path = "cordova-plugin-media-capture/CDVCapture.m"; sourceTree = "<group>"; };
		779F09B3CC514650A9B717C3 /* CDVLocalFilesystem.m */ = {isa = PBXFileReference; explicitFileType = undefined; fileEncoding = 4; includeInIndex = 0; lastKnownFileType = sourcecode.c.objc; name = CDVLocalFilesystem.m; path = "cordova-plugin-file/CDVLocalFilesystem.m"; sourceTree = "<group>"; };
		79E4FE420D9E48F6BBFC592D /* CDVSound.h */ = {isa = PBXFileReference; explicitFileType = undefined; fileEncoding = 4; includeInIndex = 0; lastKnownFileType = sourcecode.c.h; name = CDVSound.h; path = "cordova-plugin-media/CDVSound.h"; sourceTree = "<group>"; };
		7C6CF06535E54958BE9F9557 /* CDVAssetLibraryFilesystem.m */ = {isa = PBXFileReference; explicitFileType = undefined; fileEncoding = 4; includeInIndex = 0; lastKnownFileType = sourcecode.c.objc; name = CDVAssetLibraryFilesystem.m; path = "cordova-plugin-file/CDVAssetLibraryFilesystem.m"; sourceTree = "<group>"; };
		7EEAF2E94B774EBD8692F009 /* CDVJpegHeaderWriter.h */ = {isa = PBXFileReference; explicitFileType = undefined; fileEncoding = 4; includeInIndex = 0; lastKnownFileType = sourcecode.c.h; name = CDVJpegHeaderWriter.h; path = "cordova-plugin-camera/CDVJpegHeaderWriter.h"; sourceTree = "<group>"; };
		833F13A7CD58458A8E4114FA /* CDVLogger.m */ = {isa = PBXFileReference; explicitFileType = undefined; fileEncoding = 4; includeInIndex = 0; lastKnownFileType = sourcecode.c.objc; name = CDVLogger.m; path = "cordova-plugin-console/CDVLogger.m"; sourceTree = "<group>"; };
		83F38EAD28B6463CA795C6FA /* ActionSheet.m */ = {isa = PBXFileReference; explicitFileType = undefined; fileEncoding = 4; includeInIndex = 0; lastKnownFileType = sourcecode.c.objc; name = ActionSheet.m; path = "cordova-plugin-actionsheet/ActionSheet.m"; sourceTree = "<group>"; };
		8D1107310486CEB800E47090 /* ICEM 2018-Info.plist */ = {isa = PBXFileReference; fileEncoding = 4; lastKnownFileType = text.plist.xml; name = "ICEM 2018-Info.plist"; path = "ICEM/ICEM 2018-Info.plist"; plistStructureDefinitionIdentifier = "com.apple.xcode.plist.structure-definition.iphone.info-plist"; sourceTree = SOURCE_ROOT; };
		921FAA69FF5A473E997BAD54 /* CDVLogger.h */ = {isa = PBXFileReference; explicitFileType = undefined; fileEncoding = 4; includeInIndex = 0; lastKnownFileType = sourcecode.c.h; name = CDVLogger.h; path = "cordova-plugin-console/CDVLogger.h"; sourceTree = "<group>"; };
		964BD7C7F1924D51AB6CCFF2 /* CDVContacts.h */ = {isa = PBXFileReference; explicitFileType = undefined; fileEncoding = 4; includeInIndex = 0; lastKnownFileType = sourcecode.c.h; name = CDVContacts.h; path = "cordova-plugin-contacts/CDVContacts.h"; sourceTree = "<group>"; };
		992BCE3A4C314CB18EC5AF7F /* CDVFile.m */ = {isa = PBXFileReference; explicitFileType = undefined; fileEncoding = 4; includeInIndex = 0; lastKnownFileType = sourcecode.c.objc; name = CDVFile.m; path = "cordova-plugin-file/CDVFile.m"; sourceTree = "<group>"; };
		9EF21FA592B94D7883C53928 /* CDVAssetLibraryFilesystem.h */ = {isa = PBXFileReference; explicitFileType = undefined; fileEncoding = 4; includeInIndex = 0; lastKnownFileType = sourcecode.c.h; name = CDVAssetLibraryFilesystem.h; path = "cordova-plugin-file/CDVAssetLibraryFilesystem.h"; sourceTree = "<group>"; };
		A1F30DC9CE374031B2E2FB58 /* CDVNotification.bundle */ = {isa = PBXFileReference; explicitFileType = undefined; fileEncoding = 9; includeInIndex = 0; lastKnownFileType = "wrapper.plug-in"; path = CDVNotification.bundle; sourceTree = "<group>"; };
		A404F28589F74BF2AAC8A21F /* CDVVibration.m */ = {isa = PBXFileReference; explicitFileType = undefined; fileEncoding = 4; includeInIndex = 0; lastKnownFileType = sourcecode.c.objc; name = CDVVibration.m; path = "cordova-plugin-vibration/CDVVibration.m"; sourceTree = "<group>"; };
		A65A7EF064E84D94BF7301CC /* CDVLocation.h */ = {isa = PBXFileReference; explicitFileType = undefined; fileEncoding = 4; includeInIndex = 0; lastKnownFileType = sourcecode.c.h; name = CDVLocation.h; path = "cordova-plugin-geolocation/CDVLocation.h"; sourceTree = "<group>"; };
		AD56FD7A7BBB496BB485A163 /* CDVBattery.h */ = {isa = PBXFileReference; explicitFileType = undefined; fileEncoding = 4; includeInIndex = 0; lastKnownFileType = sourcecode.c.h; name = CDVBattery.h; path = "cordova-plugin-battery-status/CDVBattery.h"; sourceTree = "<group>"; };
		AE00294CD6FA4029AE146B72 /* CDVCamera.m */ = {isa = PBXFileReference; explicitFileType = undefined; fileEncoding = 4; includeInIndex = 0; lastKnownFileType = sourcecode.c.objc; name = CDVCamera.m; path = "cordova-plugin-camera/CDVCamera.m"; sourceTree = "<group>"; };
		AE40561319064AE486EC86FF /* CDVConnection.h */ = {isa = PBXFileReference; explicitFileType = undefined; fileEncoding = 4; includeInIndex = 0; lastKnownFileType = sourcecode.c.h; name = CDVConnection.h; path = "cordova-plugin-network-information/CDVConnection.h"; sourceTree = "<group>"; };
		AF106E14DDA9480A8D41BA20 /* CDVContact.h */ = {isa = PBXFileReference; explicitFileType = undefined; fileEncoding = 4; includeInIndex = 0; lastKnownFileType = sourcecode.c.h; name = CDVContact.h; path = "cordova-plugin-contacts/CDVContact.h"; sourceTree = "<group>"; };
		AF13482A4AC74A21B907F055 /* CDVLocation.m */ = {isa = PBXFileReference; explicitFileType = undefined; fileEncoding = 4; includeInIndex = 0; lastKnownFileType = sourcecode.c.objc; name = CDVLocation.m; path = "cordova-plugin-geolocation/CDVLocation.m"; sourceTree = "<group>"; };
		B021C2A3B15A4D05A74E4746 /* CDVCamera.h */ = {isa = PBXFileReference; explicitFileType = undefined; fileEncoding = 4; includeInIndex = 0; lastKnownFileType = sourcecode.c.h; name = CDVCamera.h; path = "cordova-plugin-camera/CDVCamera.h"; sourceTree = "<group>"; };
		B0CD01E03F7843CABB97FFF6 /* libz.tbd */ = {isa = PBXFileReference; explicitFileType = undefined; fileEncoding = 9; includeInIndex = 0; lastKnownFileType = unknown; path = libz.tbd; sourceTree = "<group>"; };
		B4AC5B183495422FB3A56BCA /* CDVJpegHeaderWriter.m */ = {isa = PBXFileReference; explicitFileType = undefined; fileEncoding = 4; includeInIndex = 0; lastKnownFileType = sourcecode.c.objc; name = CDVJpegHeaderWriter.m; path = "cordova-plugin-camera/CDVJpegHeaderWriter.m"; sourceTree = "<group>"; };
		B83D23B5B4144A9DAE4E54F5 /* CDVReachability.m */ = {isa = PBXFileReference; explicitFileType = undefined; fileEncoding = 4; includeInIndex = 0; lastKnownFileType = sourcecode.c.objc; name = CDVReachability.m; path = "cordova-plugin-network-information/CDVReachability.m"; sourceTree = "<group>"; };
		B8638A3B4817413DA054BA15 /* CDVCompass.h */ = {isa = PBXFileReference; explicitFileType = undefined; fileEncoding = 4; includeInIndex = 0; lastKnownFileType = sourcecode.c.h; name = CDVCompass.h; path = "cordova-plugin-device-orientation/CDVCompass.h"; sourceTree = "<group>"; };
		B90A112A85224E55BF1D709F /* ImageIO.framework */ = {isa = PBXFileReference; explicitFileType = undefined; fileEncoding = 9; includeInIndex = 0; lastKnownFileType = wrapper.framework; name = ImageIO.framework; path = System/Library/Frameworks/ImageIO.framework; sourceTree = SDKROOT; };
		BC78045045AE4665B6F74480 /* CDVAccelerometer.m */ = {isa = PBXFileReference; explicitFileType = undefined; fileEncoding = 4; includeInIndex = 0; lastKnownFileType = sourcecode.c.objc; name = CDVAccelerometer.m; path = "cordova-plugin-device-motion/CDVAccelerometer.m"; sourceTree = "<group>"; };
		BD24BCAED0CB45118B63BD10 /* CDVCapture.h */ = {isa = PBXFileReference; explicitFileType = undefined; fileEncoding = 4; includeInIndex = 0; lastKnownFileType = sourcecode.c.h; name = CDVCapture.h; path = "cordova-plugin-media-capture/CDVCapture.h"; sourceTree = "<group>"; };
		BE63B6770E274FE19A0F7F64 /* CDVVibration.h */ = {isa = PBXFileReference; explicitFileType = undefined; fileEncoding = 4; includeInIndex = 0; lastKnownFileType = sourcecode.c.h; name = CDVVibration.h; path = "cordova-plugin-vibration/CDVVibration.h"; sourceTree = "<group>"; };
		BE80B82017FF422EA48300AA /* CDVFileTransfer.m */ = {isa = PBXFileReference; explicitFileType = undefined; fileEncoding = 4; includeInIndex = 0; lastKnownFileType = sourcecode.c.objc; name = CDVFileTransfer.m; path = "cordova-plugin-file-transfer/CDVFileTransfer.m"; sourceTree = "<group>"; };
		BFCA4EF4BF5D4CA4B2000074 /* CDVInAppBrowser.m */ = {isa = PBXFileReference; explicitFileType = undefined; fileEncoding = 4; includeInIndex = 0; lastKnownFileType = sourcecode.c.objc; name = CDVInAppBrowser.m; path = "cordova-plugin-inappbrowser/CDVInAppBrowser.m"; sourceTree = "<group>"; };
		C18A91C78C0B4087AAC64C34 /* CDVDevice.h */ = {isa = PBXFileReference; explicitFileType = undefined; fileEncoding = 4; includeInIndex = 0; lastKnownFileType = sourcecode.c.h; name = CDVDevice.h; path = "cordova-plugin-device/CDVDevice.h"; sourceTree = "<group>"; };
		CE2A813E298242BFAB508D21 /* CDVGlobalization.h */ = {isa = PBXFileReference; explicitFileType = undefined; fileEncoding = 4; includeInIndex = 0; lastKnownFileType = sourcecode.c.h; name = CDVGlobalization.h; path = "cordova-plugin-globalization/CDVGlobalization.h"; sourceTree = "<group>"; };
		D0B81F4BDAF54B6F9DB3A18E /* CoreLocation.framework */ = {isa = PBXFileReference; explicitFileType = undefined; fileEncoding = 9; includeInIndex = 0; lastKnownFileType = wrapper.framework; name = CoreLocation.framework; path = System/Library/Frameworks/CoreLocation.framework; sourceTree = SDKROOT; };
		D9312AC582094A8AA4738728 /* UIImage+CropScaleOrientation.m */ = {isa = PBXFileReference; explicitFileType = undefined; fileEncoding = 4; includeInIndex = 0; lastKnownFileType = sourcecode.c.objc; name = "UIImage+CropScaleOrientation.m"; path = "cordova-plugin-camera/UIImage+CropScaleOrientation.m"; sourceTree = "<group>"; };
		DBEBE4AD62CD4ED39CBF9900 /* CDVSplashScreen.h */ = {isa = PBXFileReference; explicitFileType = undefined; fileEncoding = 4; includeInIndex = 0; lastKnownFileType = sourcecode.c.h; name = CDVSplashScreen.h; path = "cordova-plugin-splashscreen/CDVSplashScreen.h"; sourceTree = "<group>"; };
		DC7C3AFDF22D4CCD93BAFD04 /* CDVReachability.h */ = {isa = PBXFileReference; explicitFileType = undefined; fileEncoding = 4; includeInIndex = 0; lastKnownFileType = sourcecode.c.h; name = CDVReachability.h; path = "cordova-plugin-network-information/CDVReachability.h"; sourceTree = "<group>"; };
		DE72262C0F874999B9FE28BC /* AddressBook.framework */ = {isa = PBXFileReference; explicitFileType = undefined; fileEncoding = 9; includeInIndex = 0; lastKnownFileType = wrapper.framework; name = AddressBook.framework; path = System/Library/Frameworks/AddressBook.framework; sourceTree = SDKROOT; };
		E329EABB2A1C4C89BE70CF7F /* CDVBattery.m */ = {isa = PBXFileReference; explicitFileType = undefined; fileEncoding = 4; includeInIndex = 0; lastKnownFileType = sourcecode.c.objc; name = CDVBattery.m; path = "cordova-plugin-battery-status/CDVBattery.m"; sourceTree = "<group>"; };
		EB87FDF31871DA8E0020F90C /* www */ = {isa = PBXFileReference; lastKnownFileType = folder; name = www; path = ../../www; sourceTree = "<group>"; };
		EB87FDF41871DAF40020F90C /* config.xml */ = {isa = PBXFileReference; lastKnownFileType = text.xml; name = config.xml; path = ../../config.xml; sourceTree = "<group>"; };
		EC2C334DA757471E863FD6EA /* ActionSheet.h */ = {isa = PBXFileReference; explicitFileType = undefined; fileEncoding = 4; includeInIndex = 0; lastKnownFileType = sourcecode.c.h; name = ActionSheet.h; path = "cordova-plugin-actionsheet/ActionSheet.h"; sourceTree = "<group>"; };
		ED33DF2A687741AEAF9F8254 /* Bridging-Header.h */ = {isa = PBXFileReference; fileEncoding = 4; lastKnownFileType = sourcecode.c.h; path = "Bridging-Header.h"; sourceTree = "<group>"; };
		EE2D9ED2661F4388B5E6FEE5 /* AVFoundation.framework */ = {isa = PBXFileReference; explicitFileType = undefined; fileEncoding = 9; includeInIndex = 0; lastKnownFileType = wrapper.framework; name = AVFoundation.framework; path = System/Library/Frameworks/AVFoundation.framework; sourceTree = SDKROOT; };
		F02D7DBC700C4B80A9950491 /* CDVContact.m */ = {isa = PBXFileReference; explicitFileType = undefined; fileEncoding = 4; includeInIndex = 0; lastKnownFileType = sourcecode.c.objc; name = CDVContact.m; path = "cordova-plugin-contacts/CDVContact.m"; sourceTree = "<group>"; };
		F1DAEED2AF454963B25BBBDA /* CDVInAppBrowser.h */ = {isa = PBXFileReference; explicitFileType = undefined; fileEncoding = 4; includeInIndex = 0; lastKnownFileType = sourcecode.c.h; name = CDVInAppBrowser.h; path = "cordova-plugin-inappbrowser/CDVInAppBrowser.h"; sourceTree = "<group>"; };
		F37CAB0409D84E1397B6135A /* CDVSound.m */ = {isa = PBXFileReference; explicitFileType = undefined; fileEncoding = 4; includeInIndex = 0; lastKnownFileType = sourcecode.c.objc; name = CDVSound.m; path = "cordova-plugin-media/CDVSound.m"; sourceTree = "<group>"; };
		F5B0D226967E41708ED7A514 /* CoreTelephony.framework */ = {isa = PBXFileReference; explicitFileType = undefined; fileEncoding = 9; includeInIndex = 0; lastKnownFileType = wrapper.framework; name = CoreTelephony.framework; path = System/Library/Frameworks/CoreTelephony.framework; sourceTree = SDKROOT; };
		F840E1F0165FE0F500CFE078 /* config.xml */ = {isa = PBXFileReference; lastKnownFileType = text.xml; name = config.xml; path = ICEM/config.xml; sourceTree = "<group>"; };
		FBE5AE77579B415CAAFB1E64 /* CDVSplashScreen.m */ = {isa = PBXFileReference; explicitFileType = undefined; fileEncoding = 4; includeInIndex = 0; lastKnownFileType = sourcecode.c.objc; name = CDVSplashScreen.m; path = "cordova-plugin-splashscreen/CDVSplashScreen.m"; sourceTree = "<group>"; };
		FCD22A46C11942BC81164237 /* CDVFile.h */ = {isa = PBXFileReference; explicitFileType = undefined; fileEncoding = 4; includeInIndex = 0; lastKnownFileType = sourcecode.c.h; name = CDVFile.h; path = "cordova-plugin-file/CDVFile.h"; sourceTree = "<group>"; };
		FFF772CBCA384D8185505980 /* CDVFileTransfer.h */ = {isa = PBXFileReference; explicitFileType = undefined; fileEncoding = 4; includeInIndex = 0; lastKnownFileType = sourcecode.c.h; name = CDVFileTransfer.h; path = "cordova-plugin-file-transfer/CDVFileTransfer.h"; sourceTree = "<group>"; };
/* End PBXFileReference section */

/* Begin PBXFrameworksBuildPhase section */
		1D60588F0D05DD3D006BFB54 /* Frameworks */ = {
			isa = PBXFrameworksBuildPhase;
			buildActionMask = 2147483647;
			files = (
				301BF552109A68D80062928A /* libCordova.a in Frameworks */,
				6F9D836C7D914397A7F9E793 /* ImageIO.framework in Frameworks */,
				D9FF6834513644828B3C6CBA /* CoreLocation.framework in Frameworks */,
				0C6A39C314A0489BB6E02E82 /* AVFoundation.framework in Frameworks */,
				09F5376647E8482599671513 /* AddressBook.framework in Frameworks */,
				00F9D2729CD6426C94B196D7 /* AddressBookUI.framework in Frameworks */,
				37EF3BFCC7894F7F95C48AD5 /* libz.tbd in Frameworks */,
				17022148FCAE4A56B641A182 /* CoreMotion.framework in Frameworks */,
				066504BCF2874DF89B763943 /* AudioToolbox.framework in Frameworks */,
				EE3401E8C5184C14A1DEC484 /* SystemConfiguration.framework in Frameworks */,
				D5F03A16F0F34B568831EFF2 /* CoreTelephony.framework in Frameworks */,
			);
			runOnlyForDeploymentPostprocessing = 0;
		};
/* End PBXFrameworksBuildPhase section */

/* Begin PBXGroup section */
		080E96DDFE201D6D7F000001 /* Classes */ = {
			isa = PBXGroup;
			children = (
				302D95EE14D2391D003F00A1 /* MainViewController.h */,
				302D95EF14D2391D003F00A1 /* MainViewController.m */,
				302D95F014D2391D003F00A1 /* MainViewController.xib */,
				1D3623240D0F684500981E51 /* AppDelegate.h */,
				1D3623250D0F684500981E51 /* AppDelegate.m */,
			);
			name = Classes;
			path = ICEM/Classes;
			sourceTree = SOURCE_ROOT;
		};
		19C28FACFE9D520D11CA2CBB /* Products */ = {
			isa = PBXGroup;
			children = (
				1D6058910D05DD3D006BFB54 /* ICEM 2018.app */,
			);
			name = Products;
			sourceTree = "<group>";
		};
		29B97314FDCFA39411CA2CEA /* CustomTemplate */ = {
			isa = PBXGroup;
			children = (
				EB87FDF41871DAF40020F90C /* config.xml */,
				EB87FDF31871DA8E0020F90C /* www */,
				EB87FDF11871DA420020F90C /* Staging */,
				301BF52D109A57CC0062928A /* CordovaLib.xcodeproj */,
				080E96DDFE201D6D7F000001 /* Classes */,
				307C750510C5A3420062BCA9 /* Plugins */,
				29B97315FDCFA39411CA2CEA /* Other Sources */,
				29B97317FDCFA39411CA2CEA /* Resources */,
				29B97323FDCFA39411CA2CEA /* Frameworks */,
				19C28FACFE9D520D11CA2CBB /* Products */,
			);
			name = CustomTemplate;
			sourceTree = "<group>";
		};
		29B97315FDCFA39411CA2CEA /* Other Sources */ = {
			isa = PBXGroup;
			children = (
				32CA4F630368D1EE00C91783 /* ICEM.temp_caseinsensitive_rename.temp_caseinsensitive_rename 2018-Prefix.pch */,
				29B97316FDCFA39411CA2CEA /* main.m */,
				ED33DF2A687741AEAF9F8254 /* Bridging-Header.h */,
			);
			name = "Other Sources";
			path = ICEM;
			sourceTree = "<group>";
		};
		29B97317FDCFA39411CA2CEA /* Resources */ = {
			isa = PBXGroup;
			children = (
				0207DA571B56EA530066E2B4 /* Images.xcassets */,
				3047A50E1AB8057F00498E2A /* config */,
				8D1107310486CEB800E47090 /* ICEM 2018-Info.plist */,
				A1F30DC9CE374031B2E2FB58 /* CDVNotification.bundle */,
				1EA76BAB4F7A4EACA789E7A6 /* CDVCapture.bundle */,
			);
			name = Resources;
			path = ICEM/Resources;
			sourceTree = "<group>";
		};
		29B97323FDCFA39411CA2CEA /* Frameworks */ = {
			isa = PBXGroup;
			children = (
				B90A112A85224E55BF1D709F /* ImageIO.framework */,
				D0B81F4BDAF54B6F9DB3A18E /* CoreLocation.framework */,
				EE2D9ED2661F4388B5E6FEE5 /* AVFoundation.framework */,
				DE72262C0F874999B9FE28BC /* AddressBook.framework */,
				558CE0026609483CA4E5CF58 /* AddressBookUI.framework */,
				B0CD01E03F7843CABB97FFF6 /* libz.tbd */,
				529C4AD964C44557A8034C75 /* CoreMotion.framework */,
				2D5BAEFBE4B94FCD807DA61C /* AudioToolbox.framework */,
				512264A1238A4844B92A439E /* SystemConfiguration.framework */,
				F5B0D226967E41708ED7A514 /* CoreTelephony.framework */,
			);
			name = Frameworks;
			sourceTree = "<group>";
		};
		301BF52E109A57CC0062928A /* Products */ = {
			isa = PBXGroup;
			children = (
				301BF535109A57CC0062928A /* libCordova.a */,
			);
			name = Products;
			sourceTree = "<group>";
		};
		3047A50E1AB8057F00498E2A /* config */ = {
			isa = PBXGroup;
			children = (
				3047A50F1AB8059700498E2A /* build-debug.xcconfig */,
				3047A5101AB8059700498E2A /* build-release.xcconfig */,
				3047A5111AB8059700498E2A /* build.xcconfig */,
			);
			name = config;
			sourceTree = "<group>";
		};
		307C750510C5A3420062BCA9 /* Plugins */ = {
			isa = PBXGroup;
			children = (
				83F38EAD28B6463CA795C6FA /* ActionSheet.m */,
				EC2C334DA757471E863FD6EA /* ActionSheet.h */,
				E329EABB2A1C4C89BE70CF7F /* CDVBattery.m */,
				AD56FD7A7BBB496BB485A163 /* CDVBattery.h */,
				D9312AC582094A8AA4738728 /* UIImage+CropScaleOrientation.m */,
				AE00294CD6FA4029AE146B72 /* CDVCamera.m */,
				B4AC5B183495422FB3A56BCA /* CDVJpegHeaderWriter.m */,
				5C0719B39FA24F9FAC82D456 /* UIImage+CropScaleOrientation.h */,
				B021C2A3B15A4D05A74E4746 /* CDVCamera.h */,
				7EEAF2E94B774EBD8692F009 /* CDVJpegHeaderWriter.h */,
				68CB1D9DD7AC40EAB493E89D /* CDVExif.h */,
				833F13A7CD58458A8E4114FA /* CDVLogger.m */,
				921FAA69FF5A473E997BAD54 /* CDVLogger.h */,
				1904DE4352A543E0B3963BD2 /* CDVContacts.m */,
				F02D7DBC700C4B80A9950491 /* CDVContact.m */,
				964BD7C7F1924D51AB6CCFF2 /* CDVContacts.h */,
				AF106E14DDA9480A8D41BA20 /* CDVContact.h */,
				5A1F7F929CFB49BC9B4D455F /* CDVDevice.m */,
				C18A91C78C0B4087AAC64C34 /* CDVDevice.h */,
				BC78045045AE4665B6F74480 /* CDVAccelerometer.m */,
				3666E1A53AE441D6AB241FCE /* CDVAccelerometer.h */,
				10778C752913414B97C61E58 /* CDVCompass.m */,
				B8638A3B4817413DA054BA15 /* CDVCompass.h */,
				4A3C02F91B1443AC920DEE72 /* CDVNotification.m */,
				04683A0E2F274C908DCA52D1 /* CDVNotification.h */,
				992BCE3A4C314CB18EC5AF7F /* CDVFile.m */,
				779F09B3CC514650A9B717C3 /* CDVLocalFilesystem.m */,
				7C6CF06535E54958BE9F9557 /* CDVAssetLibraryFilesystem.m */,
				FCD22A46C11942BC81164237 /* CDVFile.h */,
				59DD6E8C2896424EA7411B69 /* CDVLocalFilesystem.h */,
				9EF21FA592B94D7883C53928 /* CDVAssetLibraryFilesystem.h */,
				BE80B82017FF422EA48300AA /* CDVFileTransfer.m */,
				FFF772CBCA384D8185505980 /* CDVFileTransfer.h */,
				AF13482A4AC74A21B907F055 /* CDVLocation.m */,
				A65A7EF064E84D94BF7301CC /* CDVLocation.h */,
				51223EFE6B6F4D0F99F7A263 /* CDVGlobalization.m */,
				CE2A813E298242BFAB508D21 /* CDVGlobalization.h */,
				BFCA4EF4BF5D4CA4B2000074 /* CDVInAppBrowser.m */,
				F1DAEED2AF454963B25BBBDA /* CDVInAppBrowser.h */,
				F37CAB0409D84E1397B6135A /* CDVSound.m */,
				79E4FE420D9E48F6BBFC592D /* CDVSound.h */,
				6F00611013F34EF7812D1FA0 /* CDVCapture.m */,
				BD24BCAED0CB45118B63BD10 /* CDVCapture.h */,
				60DEF8373E6D46ED835EA2C7 /* CDVConnection.m */,
				B83D23B5B4144A9DAE4E54F5 /* CDVReachability.m */,
				AE40561319064AE486EC86FF /* CDVConnection.h */,
				DC7C3AFDF22D4CCD93BAFD04 /* CDVReachability.h */,
				FBE5AE77579B415CAAFB1E64 /* CDVSplashScreen.m */,
				24F3118278EB44BFACC8CDB4 /* CDVViewController+SplashScreen.m */,
				DBEBE4AD62CD4ED39CBF9900 /* CDVSplashScreen.h */,
				2BF4D84143E74617B7A9A644 /* CDVViewController+SplashScreen.h */,
				A404F28589F74BF2AAC8A21F /* CDVVibration.m */,
				BE63B6770E274FE19A0F7F64 /* CDVVibration.h */,
			);
			name = Plugins;
			path = ICEM/Plugins;
			sourceTree = SOURCE_ROOT;
		};
		EB87FDF11871DA420020F90C /* Staging */ = {
			isa = PBXGroup;
			children = (
				F840E1F0165FE0F500CFE078 /* config.xml */,
				301BF56E109A69640062928A /* www */,
			);
			name = Staging;
			sourceTree = "<group>";
		};
/* End PBXGroup section */

/* Begin PBXNativeTarget section */
		1D6058900D05DD3D006BFB54 /* ICEM */ = {
			isa = PBXNativeTarget;
			buildConfigurationList = 1D6058960D05DD3E006BFB54 /* Build configuration list for PBXNativeTarget "ICEM" */;
			buildPhases = (
				304B58A110DAC018002A0835 /* Copy www directory */,
				1D60588D0D05DD3D006BFB54 /* Resources */,
				1D60588E0D05DD3D006BFB54 /* Sources */,
				1D60588F0D05DD3D006BFB54 /* Frameworks */,
			);
			buildRules = (
			);
			dependencies = (
				301BF551109A68C00062928A /* PBXTargetDependency */,
			);
			name = ICEM;
			productName = ICEM;
			productReference = 1D6058910D05DD3D006BFB54 /* ICEM 2018.app */;
			productType = "com.apple.product-type.application";
		};
/* End PBXNativeTarget section */

/* Begin PBXProject section */
		29B97313FDCFA39411CA2CEA /* Project object */ = {
			isa = PBXProject;
			attributes = {
				LastUpgradeCheck = 510;
				TargetAttributes = {
					1D6058900D05DD3D006BFB54 = {
						DevelopmentTeam = 2J3C64UM3J;
						ProvisioningStyle = Manual;
					};
				};
			};
			buildConfigurationList = C01FCF4E08A954540054247B /* Build configuration list for PBXProject "ICEM" */;
			compatibilityVersion = "Xcode 3.2";
			developmentRegion = English;
			hasScannedForEncodings = 1;
			knownRegions = (
				en,
			);
			mainGroup = 29B97314FDCFA39411CA2CEA /* CustomTemplate */;
			projectDirPath = "";
			projectReferences = (
				{
					ProductGroup = 301BF52E109A57CC0062928A /* Products */;
					ProjectRef = 301BF52D109A57CC0062928A /* CordovaLib.xcodeproj */;
				},
			);
			projectRoot = "";
			targets = (
				1D6058900D05DD3D006BFB54 /* ICEM */,
			);
		};
/* End PBXProject section */

/* Begin PBXReferenceProxy section */
		301BF535109A57CC0062928A /* libCordova.a */ = {
			isa = PBXReferenceProxy;
			fileType = archive.ar;
			path = libCordova.a;
			remoteRef = 301BF534109A57CC0062928A /* PBXContainerItemProxy */;
			sourceTree = BUILT_PRODUCTS_DIR;
		};
/* End PBXReferenceProxy section */

/* Begin PBXResourcesBuildPhase section */
		1D60588D0D05DD3D006BFB54 /* Resources */ = {
			isa = PBXResourcesBuildPhase;
			buildActionMask = 2147483647;
			files = (
				302D95F214D2391D003F00A1 /* MainViewController.xib in Resources */,
				3047A5131AB8059700498E2A /* build-release.xcconfig in Resources */,
				3047A5141AB8059700498E2A /* build.xcconfig in Resources */,
				0207DA581B56EA530066E2B4 /* Images.xcassets in Resources */,
				3047A5121AB8059700498E2A /* build-debug.xcconfig in Resources */,
				EAC6B9C396734EF7B6B72AF7 /* CDVNotification.bundle in Resources */,
				50A301D40C8F4AE7952D8629 /* CDVCapture.bundle in Resources */,
			);
			runOnlyForDeploymentPostprocessing = 0;
		};
/* End PBXResourcesBuildPhase section */

/* Begin PBXShellScriptBuildPhase section */
		304B58A110DAC018002A0835 /* Copy www directory */ = {
			isa = PBXShellScriptBuildPhase;
			buildActionMask = 2147483647;
			files = (
			);
			inputPaths = (
			);
			name = "Copy www directory";
			outputPaths = (
			);
			runOnlyForDeploymentPostprocessing = 0;
			shellPath = /bin/sh;
			shellScript = "NODEJS_PATH=/usr/local/bin; NVM_NODE_PATH=~/.nvm/versions/node/`nvm version 2>/dev/null`/bin; N_NODE_PATH=`find /usr/local/n/versions/node/* -maxdepth 0 -type d 2>/dev/null | tail -1`/bin; XCODE_NODE_PATH=`xcode-select --print-path`/usr/share/xcs/Node/bin; PATH=$NODEJS_PATH:$NVM_NODE_PATH:$N_NODE_PATH:$XCODE_NODE_PATH:$PATH && node cordova/lib/copy-www-build-step.js";
			showEnvVarsInLog = 0;
		};
/* End PBXShellScriptBuildPhase section */

/* Begin PBXSourcesBuildPhase section */
		1D60588E0D05DD3D006BFB54 /* Sources */ = {
			isa = PBXSourcesBuildPhase;
			buildActionMask = 2147483647;
			files = (
				1D60589B0D05DD56006BFB54 /* main.m in Sources */,
				1D3623260D0F684500981E51 /* AppDelegate.m in Sources */,
				302D95F114D2391D003F00A1 /* MainViewController.m in Sources */,
				6AC87CF0CB3B443BBCD27E77 /* ActionSheet.m in Sources */,
				4F8C327F3FBB4DEE949CEAB9 /* CDVBattery.m in Sources */,
				5E3CA54C2C944B0091BD9280 /* UIImage+CropScaleOrientation.m in Sources */,
				AA8C32F0056740F8A46D2559 /* CDVCamera.m in Sources */,
				9BE75747AFC74C84ADDDE83A /* CDVJpegHeaderWriter.m in Sources */,
				8E45275B62304621AF9725E2 /* CDVLogger.m in Sources */,
				69374C96AB6E46BCB621C0A0 /* CDVContacts.m in Sources */,
				97AC91D82E4F4B31B6F882EB /* CDVContact.m in Sources */,
				2EA36A1D0F544AE298E2C12F /* CDVDevice.m in Sources */,
				C0B18943C8C64D0F93E064D3 /* CDVAccelerometer.m in Sources */,
				EF1F01D8965A49FBBA60E1A1 /* CDVCompass.m in Sources */,
				72CD1B73972F496A82AC27D5 /* CDVNotification.m in Sources */,
				8658889DAC1E4E35BB87457A /* CDVFile.m in Sources */,
				86B36921FA6347138B7B8A10 /* CDVLocalFilesystem.m in Sources */,
				541CEEABF4A94E459F9D8C54 /* CDVAssetLibraryFilesystem.m in Sources */,
				5F3AE5EA58A343DD809B4B6C /* CDVFileTransfer.m in Sources */,
				87D5A8028146436D9D283B15 /* CDVLocation.m in Sources */,
				4A6FAD2564CF4166947715DA /* CDVGlobalization.m in Sources */,
				51A11ECFF73641E3B4ADADAA /* CDVInAppBrowser.m in Sources */,
				043EBD594610417A9941349E /* CDVSound.m in Sources */,
				CCA365C8A6884E0EA16125AB /* CDVCapture.m in Sources */,
				8D418AD41B63452EB145D103 /* CDVConnection.m in Sources */,
				7DDE51FB74F04563AF8F0788 /* CDVReachability.m in Sources */,
				F306955663424D389BB150AA /* CDVSplashScreen.m in Sources */,
				DD4451A32F494F2F9B98E48A /* CDVViewController+SplashScreen.m in Sources */,
				9E43B40D6EB84ECFB58536CD /* CDVVibration.m in Sources */,
			);
			runOnlyForDeploymentPostprocessing = 0;
		};
/* End PBXSourcesBuildPhase section */

/* Begin PBXTargetDependency section */
		301BF551109A68C00062928A /* PBXTargetDependency */ = {
			isa = PBXTargetDependency;
			name = CordovaLib;
			targetProxy = 301BF550109A68C00062928A /* PBXContainerItemProxy */;
		};
/* End PBXTargetDependency section */

/* Begin XCBuildConfiguration section */
		1D6058940D05DD3E006BFB54 /* Debug */ = {
			isa = XCBuildConfiguration;
			baseConfigurationReference = 3047A50F1AB8059700498E2A /* build-debug.xcconfig */;
			buildSettings = {
				ALWAYS_SEARCH_USER_PATHS = NO;
				ASSETCATALOG_COMPILER_APPICON_NAME = AppIcon;
				ASSETCATALOG_COMPILER_LAUNCHIMAGE_NAME = LaunchImage;
				CLANG_ENABLE_MODULES = YES;
				CLANG_ENABLE_OBJC_ARC = YES;
				CODE_SIGN_IDENTITY = "iPhone Distribution";
				CODE_SIGN_STYLE = Manual;
				COPY_PHASE_STRIP = NO;
				DEVELOPMENT_TEAM = 2J3C64UM3J;
				GCC_DYNAMIC_NO_PIC = NO;
				GCC_OPTIMIZATION_LEVEL = 0;
				GCC_PRECOMPILE_PREFIX_HEADER = YES;
				GCC_PREFIX_HEADER = "ICEM/ICEM.temp_caseinsensitive_rename.temp_caseinsensitive_rename 2018-Prefix.pch";
				GCC_THUMB_SUPPORT = NO;
				GCC_VERSION = "";
				INFOPLIST_FILE = "ICEM/ICEM 2018-Info.plist";
				LD_RUNPATH_SEARCH_PATHS = "@executable_path/Frameworks";
				PRODUCT_NAME = "ICEM 2018";
				PROVISIONING_PROFILE = "170001dc-dec0-4631-aa84-72309b28cce3";
				PROVISIONING_PROFILE_SPECIFIER = ICEMPROD;
				TARGETED_DEVICE_FAMILY = 1;
			};
			name = Debug;
		};
		1D6058950D05DD3E006BFB54 /* Release */ = {
			isa = XCBuildConfiguration;
			baseConfigurationReference = 3047A5101AB8059700498E2A /* build-release.xcconfig */;
			buildSettings = {
				ALWAYS_SEARCH_USER_PATHS = NO;
				ASSETCATALOG_COMPILER_APPICON_NAME = AppIcon;
				ASSETCATALOG_COMPILER_LAUNCHIMAGE_NAME = LaunchImage;
				CLANG_ENABLE_MODULES = YES;
				CLANG_ENABLE_OBJC_ARC = YES;
				"CODE_SIGN_IDENTITY[sdk=iphoneos*]" = "iPhone Distribution: Luis Silva (2J3C64UM3J)";
				CODE_SIGN_STYLE = Manual;
				COPY_PHASE_STRIP = YES;
				DEVELOPMENT_TEAM = 2J3C64UM3J;
				GCC_PRECOMPILE_PREFIX_HEADER = YES;
				GCC_PREFIX_HEADER = "ICEM/ICEM.temp_caseinsensitive_rename.temp_caseinsensitive_rename 2018-Prefix.pch";
				GCC_THUMB_SUPPORT = NO;
				GCC_VERSION = "";
				INFOPLIST_FILE = "ICEM/ICEM 2018-Info.plist";
				PRODUCT_NAME = "ICEM 2018";
				PROVISIONING_PROFILE = "170001dc-dec0-4631-aa84-72309b28cce3";
				PROVISIONING_PROFILE_SPECIFIER = ICEMPROD;
				TARGETED_DEVICE_FAMILY = 1;
			};
			name = Release;
		};
		C01FCF4F08A954540054247B /* Debug */ = {
			isa = XCBuildConfiguration;
			baseConfigurationReference = 3047A5111AB8059700498E2A /* build.xcconfig */;
			buildSettings = {
				CLANG_ENABLE_MODULES = YES;
				CLANG_ENABLE_OBJC_ARC = YES;
				CLANG_WARN_BOOL_CONVERSION = YES;
				CLANG_WARN_CONSTANT_CONVERSION = YES;
				CLANG_WARN_EMPTY_BODY = YES;
				CLANG_WARN_ENUM_CONVERSION = YES;
				CLANG_WARN_INT_CONVERSION = YES;
				CLANG_WARN__DUPLICATE_METHOD_MATCH = YES;
				GCC_C_LANGUAGE_STANDARD = c99;
				GCC_THUMB_SUPPORT = NO;
				GCC_VERSION = "";
				GCC_WARN_ABOUT_RETURN_TYPE = YES;
				GCC_WARN_UNDECLARED_SELECTOR = YES;
				GCC_WARN_UNINITIALIZED_AUTOS = YES;
				GCC_WARN_UNUSED_FUNCTION = YES;
				GCC_WARN_UNUSED_VARIABLE = YES;
				ONLY_ACTIVE_ARCH = YES;
				SDKROOT = iphoneos;
				SKIP_INSTALL = NO;
				TARGETED_DEVICE_FAMILY = "1,2";
			};
			name = Debug;
		};
		C01FCF5008A954540054247B /* Release */ = {
			isa = XCBuildConfiguration;
			baseConfigurationReference = 3047A5111AB8059700498E2A /* build.xcconfig */;
			buildSettings = {
				CLANG_ENABLE_MODULES = YES;
				CLANG_ENABLE_OBJC_ARC = YES;
				CLANG_WARN_BOOL_CONVERSION = YES;
				CLANG_WARN_CONSTANT_CONVERSION = YES;
				CLANG_WARN_EMPTY_BODY = YES;
				CLANG_WARN_ENUM_CONVERSION = YES;
				CLANG_WARN_INT_CONVERSION = YES;
				CLANG_WARN__DUPLICATE_METHOD_MATCH = YES;
				GCC_C_LANGUAGE_STANDARD = c99;
				GCC_THUMB_SUPPORT = NO;
				GCC_VERSION = "";
				GCC_WARN_ABOUT_RETURN_TYPE = YES;
				GCC_WARN_UNDECLARED_SELECTOR = YES;
				GCC_WARN_UNINITIALIZED_AUTOS = YES;
				GCC_WARN_UNUSED_FUNCTION = YES;
				GCC_WARN_UNUSED_VARIABLE = YES;
				SDKROOT = iphoneos;
				SKIP_INSTALL = NO;
				TARGETED_DEVICE_FAMILY = "1,2";
			};
			name = Release;
		};
/* End XCBuildConfiguration section */

/* Begin XCConfigurationList section */
		1D6058960D05DD3E006BFB54 /* Build configuration list for PBXNativeTarget "ICEM" */ = {
			isa = XCConfigurationList;
			buildConfigurations = (
				1D6058940D05DD3E006BFB54 /* Debug */,
				1D6058950D05DD3E006BFB54 /* Release */,
			);
			defaultConfigurationIsVisible = 0;
			defaultConfigurationName = Release;
		};
		C01FCF4E08A954540054247B /* Build configuration list for PBXProject "ICEM" */ = {
			isa = XCConfigurationList;
			buildConfigurations = (
				C01FCF4F08A954540054247B /* Debug */,
				C01FCF5008A954540054247B /* Release */,
			);
			defaultConfigurationIsVisible = 0;
			defaultConfigurationName = Release;
		};
/* End XCConfigurationList section */
	};
	rootObject = 29B97313FDCFA39411CA2CEA /* Project object */;
}
